
Microsoft Visual Studio Solution File, Format Version 12.00
Project("{FAE04EC0-301F-11D3-BF4B-00C04F79EFBC}") = "Fizzbuzz", "Fizzbuzz\Fizzbuzz.csproj", "{20714B01-182F-4B70-9392-99792FC00253}"
EndProject
Global
	GlobalSection(SolutionConfigurationPlatforms) = preSolution
		Debug|Any CPU = Debug|Any CPU
		Release|Any CPU = Release|Any CPU
	EndGlobalSection
	GlobalSection(ProjectConfigurationPlatforms) = postSolution
		{20714B01-182F-4B70-9392-99792FC00253}.Debug|Any CPU.ActiveCfg = Debug|Any CPU
		{20714B01-182F-4B70-9392-99792FC00253}.Debug|Any CPU.Build.0 = Debug|Any CPU
		{20714B01-182F-4B70-9392-99792FC00253}.Release|Any CPU.ActiveCfg = Release|Any CPU
		{20714B01-182F-4B70-9392-99792FC00253}.Release|Any CPU.Build.0 = Release|Any CPU
	EndGlobalSection
EndGlobal
